
Microsoft Visual Studio Solution File, Format Version 12.00
# Visual Studio 2015
Project("{FAE04EC0-301F-11D3-BF4B-00C04F79EFBC}") = "PoC_Build.CSharp", "PoC_Build.CSharp.csproj", "{F19ED59F-671C-1F3B-061A-592708B27EC9}"
EndProject
Global
	GlobalSection(SolutionConfigurationPlatforms) = preSolution
		Debug|Any CPU = Debug|Any CPU
		Release|Any CPU = Release|Any CPU
	EndGlobalSection
	GlobalSection(ProjectConfigurationPlatforms) = postSolution
		{F19ED59F-671C-1F3B-061A-592708B27EC9}.Debug|Any CPU.ActiveCfg = Debug|Any CPU
		{F19ED59F-671C-1F3B-061A-592708B27EC9}.Debug|Any CPU.Build.0 = Debug|Any CPU
		{F19ED59F-671C-1F3B-061A-592708B27EC9}.Release|Any CPU.ActiveCfg = Release|Any CPU
		{F19ED59F-671C-1F3B-061A-592708B27EC9}.Release|Any CPU.Build.0 = Release|Any CPU
	EndGlobalSection
	GlobalSection(SolutionProperties) = preSolution
		HideSolutionNode = FALSE
	EndGlobalSection
EndGlobal
